// !$*UTF8*$!
{
	archiveVersion = 1;
	classes = {
	};
	objectVersion = 46;
	objects = {

/* Begin PBXBuildFile section */
		29F6E7791EC7FF7B006543EE /* lexicalAnalyzer.cpp in Sources */ = {isa = PBXBuildFile; fileRef = 29F6E7741EC7FF7B006543EE /* lexicalAnalyzer.cpp */; };
		29F6E77A1EC7FF7B006543EE /* main.cpp in Sources */ = {isa = PBXBuildFile; fileRef = 29F6E7761EC7FF7B006543EE /* main.cpp */; };
		29F6E77B1EC7FF7B006543EE /* SemanticAnalyzer.cpp in Sources */ = {isa = PBXBuildFile; fileRef = 29F6E7771EC7FF7B006543EE /* SemanticAnalyzer.cpp */; };
/* End PBXBuildFile section */

/* Begin PBXCopyFilesBuildPhase section */
		29F6E7681EC7FF54006543EE /* CopyFiles */ = {
			isa = PBXCopyFilesBuildPhase;
			buildActionMask = 2147483647;
			dstPath = /usr/share/man/man1/;
			dstSubfolderSpec = 0;
			files = (
			);
			runOnlyForDeploymentPostprocessing = 1;
		};
/* End PBXCopyFilesBuildPhase section */

/* Begin PBXFileReference section */
		29F6E76A1EC7FF55006543EE /* ncc */ = {isa = PBXFileReference; explicitFileType = "compiled.mach-o.executable"; includeInIndex = 0; path = ncc; sourceTree = BUILT_PRODUCTS_DIR; };
		29F6E7741EC7FF7B006543EE /* lexicalAnalyzer.cpp */ = {isa = PBXFileReference; fileEncoding = 4; lastKnownFileType = sourcecode.cpp.cpp; name = lexicalAnalyzer.cpp; path = ../../lexicalAnalyzer.cpp; sourceTree = "<group>"; };
		29F6E7751EC7FF7B006543EE /* lexicalAnalyzer.h */ = {isa = PBXFileReference; fileEncoding = 4; lastKnownFileType = sourcecode.c.h; name = lexicalAnalyzer.h; path = ../../lexicalAnalyzer.h; sourceTree = "<group>"; };
		29F6E7761EC7FF7B006543EE /* main.cpp */ = {isa = PBXFileReference; fileEncoding = 4; lastKnownFileType = sourcecode.cpp.cpp; name = main.cpp; path = ../../main.cpp; sourceTree = "<group>"; };
		29F6E7771EC7FF7B006543EE /* SemanticAnalyzer.cpp */ = {isa = PBXFileReference; fileEncoding = 4; lastKnownFileType = sourcecode.cpp.cpp; name = SemanticAnalyzer.cpp; path = ../../SemanticAnalyzer.cpp; sourceTree = "<group>"; };
		29F6E7781EC7FF7B006543EE /* SemanticAnalyzer.h */ = {isa = PBXFileReference; fileEncoding = 4; lastKnownFileType = sourcecode.c.h; name = SemanticAnalyzer.h; path = ../../SemanticAnalyzer.h; sourceTree = "<group>"; };
/* End PBXFileReference section */

/* Begin PBXFrameworksBuildPhase section */
		29F6E7671EC7FF54006543EE /* Frameworks */ = {
			isa = PBXFrameworksBuildPhase;
			buildActionMask = 2147483647;
			files = (
			);
			runOnlyForDeploymentPostprocessing = 0;
		};
/* End PBXFrameworksBuildPhase section */

/* Begin PBXGroup section */
		29F6E7611EC7FF54006543EE = {
			isa = PBXGroup;
			children = (
				29F6E76C1EC7FF55006543EE /* ncc */,
				29F6E76B1EC7FF55006543EE /* Products */,
			);
			sourceTree = "<group>";
		};
		29F6E76B1EC7FF55006543EE /* Products */ = {
			isa = PBXGroup;
			children = (
				29F6E76A1EC7FF55006543EE /* ncc */,
			);
			name = Products;
			sourceTree = "<group>";
		};
		29F6E76C1EC7FF55006543EE /* ncc */ = {
			isa = PBXGroup;
			children = (
				29F6E7741EC7FF7B006543EE /* lexicalAnalyzer.cpp */,
				29F6E7751EC7FF7B006543EE /* lexicalAnalyzer.h */,
				29F6E7761EC7FF7B006543EE /* main.cpp */,
				29F6E7771EC7FF7B006543EE /* SemanticAnalyzer.cpp */,
				29F6E7781EC7FF7B006543EE /* SemanticAnalyzer.h */,
			);
			path = ncc;
			sourceTree = "<group>";
		};
/* End PBXGroup section */

/* Begin PBXNativeTarget section */
		29F6E7691EC7FF54006543EE /* ncc */ = {
			isa = PBXNativeTarget;
			buildConfigurationList = 29F6E7711EC7FF55006543EE /* Build configuration list for PBXNativeTarget "ncc" */;
			buildPhases = (
				29F6E7661EC7FF54006543EE /* Sources */,
				29F6E7671EC7FF54006543EE /* Frameworks */,
				29F6E7681EC7FF54006543EE /* CopyFiles */,
			);
			buildRules = (
			);
			dependencies = (
			);
			name = ncc;
			productName = ncc;
			productReference = 29F6E76A1EC7FF55006543EE /* ncc */;
			productType = "com.apple.product-type.tool";
		};
/* End PBXNativeTarget section */

/* Begin PBXProject section */
		29F6E7621EC7FF54006543EE /* Project object */ = {
			isa = PBXProject;
			attributes = {
				LastUpgradeCheck = 0830;
				ORGANIZATIONNAME = "Leif Zhu";
				TargetAttributes = {
					29F6E7691EC7FF54006543EE = {
						CreatedOnToolsVersion = 8.3.2;
						ProvisioningStyle = Automatic;
					};
				};
			};
			buildConfigurationList = 29F6E7651EC7FF54006543EE /* Build configuration list for PBXProject "ncc" */;
			compatibilityVersion = "Xcode 3.2";
			developmentRegion = English;
			hasScannedForEncodings = 0;
			knownRegions = (
				en,
			);
			mainGroup = 29F6E7611EC7FF54006543EE;
			productRefGroup = 29F6E76B1EC7FF55006543EE /* Products */;
			projectDirPath = "";
			projectRoot = "";
			targets = (
				29F6E7691EC7FF54006543EE /* ncc */,
			);
		};
/* End PBXProject section */

/* Begin PBXSourcesBuildPhase section */
		29F6E7661EC7FF54006543EE /* Sources */ = {
			isa = PBXSourcesBuildPhase;
			buildActionMask = 2147483647;
			files = (
				29F6E77B1EC7FF7B006543EE /* SemanticAnalyzer.cpp in Sources */,
				29F6E77A1EC7FF7B006543EE /* main.cpp in Sources */,
				29F6E7791EC7FF7B006543EE /* lexicalAnalyzer.cpp in Sources */,
			);
			runOnlyForDeploymentPostprocessing = 0;
		};
/* End PBXSourcesBuildPhase section */

/* Begin XCBuildConfiguration section */
		29F6E76F1EC7FF55006543EE /* Debug */ = {
			isa = XCBuildConfiguration;
			buildSettings = {
				ALWAYS_SEARCH_USER_PATHS = NO;
				CLANG_ANALYZER_NONNULL = YES;
				CLANG_ANALYZER_NUMBER_OBJECT_CONVERSION = YES_AGGRESSIVE;
				CLANG_CXX_LANGUAGE_STANDARD = "gnu++0x";
				CLANG_CXX_LIBRARY = "libc++";
				CLANG_ENABLE_MODULES = YES;
				CLANG_ENABLE_OBJC_ARC = YES;
				CLANG_WARN_BOOL_CONVERSION = YES;
				CLANG_WARN_CONSTANT_CONVERSION = YES;
				CLANG_WARN_DIRECT_OBJC_ISA_USAGE = YES_ERROR;
				CLANG_WARN_DOCUMENTATION_COMMENTS = YES;
				CLANG_WARN_EMPTY_BODY = YES;
				CLANG_WARN_ENUM_CONVERSION = YES;
				CLANG_WARN_INFINITE_RECURSION = YES;
				CLANG_WARN_INT_CONVERSION = YES;
				CLANG_WARN_OBJC_ROOT_CLASS = YES_ERROR;
				CLANG_WARN_SUSPICIOUS_MOVE = YES;
				CLANG_WARN_UNREACHABLE_CODE = YES;
				CLANG_WARN__DUPLICATE_METHOD_MATCH = YES;
				CODE_SIGN_IDENTITY = "-";
				COPY_PHASE_STRIP = NO;
				DEBUG_INFORMATION_FORMAT = dwarf;
				ENABLE_STRICT_OBJC_MSGSEND = YES;
				ENABLE_TESTABILITY = YES;
				GCC_C_LANGUAGE_STANDARD = gnu99;
				GCC_DYNAMIC_NO_PIC = NO;
				GCC_NO_COMMON_BLOCKS = YES;
				GCC_OPTIMIZATION_LEVEL = 0;
				GCC_PREPROCESSOR_DEFINITIONS = (
					"DEBUG=1",
					"$(inherited)",
				);
				GCC_WARN_64_TO_32_BIT_CONVERSION = YES;
				GCC_WARN_ABOUT_RETURN_TYPE = YES_ERROR;
				GCC_WARN_UNDECLARED_SELECTOR = YES;
				GCC_WARN_UNINITIALIZED_AUTOS = YES_AGGRESSIVE;
				GCC_WARN_UNUSED_FUNCTION = YES;
				GCC_WARN_UNUSED_VARIABLE = YES;
				MACOSX_DEPLOYMENT_TARGET = 10.12;
				MTL_ENABLE_DEBUG_INFO = YES;
				ONLY_ACTIVE_ARCH = YES;
				SDKROOT = macosx;
			};
			name = Debug;
		};
		29F6E7701EC7FF55006543EE /* Release */ = {
			isa = XCBuildConfiguration;
			buildSettings = {
				ALWAYS_SEARCH_USER_PATHS = NO;
				CLANG_ANALYZER_NONNULL = YES;
				CLANG_ANALYZER_NUMBER_OBJECT_CONVERSION = YES_AGGRESSIVE;
				CLANG_CXX_LANGUAGE_STANDARD = "gnu++0x";
				CLANG_CXX_LIBRARY = "libc++";
				CLANG_ENABLE_MODULES = YES;
				CLANG_ENABLE_OBJC_ARC = YES;
				CLANG_WARN_BOOL_CONVERSION = YES;
				CLANG_WARN_CONSTANT_CONVERSION = YES;
				CLANG_WARN_DIRECT_OBJC_ISA_USAGE = YES_ERROR;
				CLANG_WARN_DOCUMENTATION_COMMENTS = YES;
				CLANG_WARN_EMPTY_BODY = YES;
				CLANG_WARN_ENUM_CONVERSION = YES;
				CLANG_WARN_INFINITE_RECURSION = YES;
				CLANG_WARN_INT_CONVERSION = YES;
				CLANG_WARN_OBJC_ROOT_CLASS = YES_ERROR;
				CLANG_WARN_SUSPICIOUS_MOVE = YES;
				CLANG_WARN_UNREACHABLE_CODE = YES;
				CLANG_WARN__DUPLICATE_METHOD_MATCH = YES;
				CODE_SIGN_IDENTITY = "-";
				COPY_PHASE_STRIP = NO;
				DEBUG_INFORMATION_FORMAT = "dwarf-with-dsym";
				ENABLE_NS_ASSERTIONS = NO;
				ENABLE_STRICT_OBJC_MSGSEND = YES;
				GCC_C_LANGUAGE_STANDARD = gnu99;
				GCC_NO_COMMON_BLOCKS = YES;
				GCC_WARN_64_TO_32_BIT_CONVERSION = YES;
				GCC_WARN_ABOUT_RETURN_TYPE = YES_ERROR;
				GCC_WARN_UNDECLARED_SELECTOR = YES;
				GCC_WARN_UNINITIALIZED_AUTOS = YES_AGGRESSIVE;
				GCC_WARN_UNUSED_FUNCTION = YES;
				GCC_WARN_UNUSED_VARIABLE = YES;
				MACOSX_DEPLOYMENT_TARGET = 10.12;
				MTL_ENABLE_DEBUG_INFO = NO;
				SDKROOT = macosx;
			};
			name = Release;
		};
		29F6E7721EC7FF55006543EE /* Debug */ = {
			isa = XCBuildConfiguration;
			buildSettings = {
				PRODUCT_NAME = "$(TARGET_NAME)";
			};
			name = Debug;
		};
		29F6E7731EC7FF55006543EE /* Release */ = {
			isa = XCBuildConfiguration;
			buildSettings = {
				PRODUCT_NAME = "$(TARGET_NAME)";
			};
			name = Release;
		};
/* End XCBuildConfiguration section */

/* Begin XCConfigurationList section */
		29F6E7651EC7FF54006543EE /* Build configuration list for PBXProject "ncc" */ = {
			isa = XCConfigurationList;
			buildConfigurations = (
				29F6E76F1EC7FF55006543EE /* Debug */,
				29F6E7701EC7FF55006543EE /* Release */,
			);
			defaultConfigurationIsVisible = 0;
			defaultConfigurationName = Release;
		};
		29F6E7711EC7FF55006543EE /* Build configuration list for PBXNativeTarget "ncc" */ = {
			isa = XCConfigurationList;
			buildConfigurations = (
				29F6E7721EC7FF55006543EE /* Debug */,
				29F6E7731EC7FF55006543EE /* Release */,
			);
			defaultConfigurationIsVisible = 0;
		};
/* End XCConfigurationList section */
	};
	rootObject = 29F6E7621EC7FF54006543EE /* Project object */;
}
